// !$*UTF8*$!
{
	archiveVersion = 1;
	classes = {
	};
	objectVersion = 46;
	objects = {

/* Begin PBXBuildFile section */
		8B1D38EC1D73D472001B5DFA /* main.m in Sources */ = {isa = PBXBuildFile; fileRef = 8B1D38EB1D73D472001B5DFA /* main.m */; };
		8B1D38EF1D73D472001B5DFA /* XKAppDelegate.m in Sources */ = {isa = PBXBuildFile; fileRef = 8B1D38EE1D73D472001B5DFA /* XKAppDelegate.m */; };
		8B1D38F21D73D472001B5DFA /* XKAFilterViewController.m in Sources */ = {isa = PBXBuildFile; fileRef = 8B1D38F11D73D472001B5DFA /* XKAFilterViewController.m */; };
		8B1D38F51D73D473001B5DFA /* Main.storyboard in Resources */ = {isa = PBXBuildFile; fileRef = 8B1D38F31D73D473001B5DFA /* Main.storyboard */; };
		8B1D38FA1D73D473001B5DFA /* LaunchScreen.storyboard in Resources */ = {isa = PBXBuildFile; fileRef = 8B1D38F81D73D473001B5DFA /* LaunchScreen.storyboard */; };
		8B1D39091D73E56D001B5DFA /* XKAFilterManger.m in Sources */ = {isa = PBXBuildFile; fileRef = 8B1D39081D73E56D001B5DFA /* XKAFilterManger.m */; };
		8BE5CE201D767FA300423529 /* 0.png in Resources */ = {isa = PBXBuildFile; fileRef = 8BE5CE111D767FA300423529 /* 0.png */; };
		8BE5CE211D767FA300423529 /* 1.png in Resources */ = {isa = PBXBuildFile; fileRef = 8BE5CE121D767FA300423529 /* 1.png */; };
		8BE5CE221D767FA300423529 /* 10.png in Resources */ = {isa = PBXBuildFile; fileRef = 8BE5CE131D767FA300423529 /* 10.png */; };
		8BE5CE231D767FA300423529 /* 11.png in Resources */ = {isa = PBXBuildFile; fileRef = 8BE5CE141D767FA300423529 /* 11.png */; };
		8BE5CE241D767FA300423529 /* 110.png in Resources */ = {isa = PBXBuildFile; fileRef = 8BE5CE151D767FA300423529 /* 110.png */; };
		8BE5CE251D767FA300423529 /* 12.png in Resources */ = {isa = PBXBuildFile; fileRef = 8BE5CE161D767FA300423529 /* 12.png */; };
		8BE5CE261D767FA300423529 /* 13.png in Resources */ = {isa = PBXBuildFile; fileRef = 8BE5CE171D767FA300423529 /* 13.png */; };
		8BE5CE271D767FA300423529 /* 2.png in Resources */ = {isa = PBXBuildFile; fileRef = 8BE5CE181D767FA300423529 /* 2.png */; };
		8BE5CE281D767FA300423529 /* 3.png in Resources */ = {isa = PBXBuildFile; fileRef = 8BE5CE191D767FA300423529 /* 3.png */; };
		8BE5CE291D767FA300423529 /* 4.png in Resources */ = {isa = PBXBuildFile; fileRef = 8BE5CE1A1D767FA300423529 /* 4.png */; };
		8BE5CE2A1D767FA300423529 /* 5.png in Resources */ = {isa = PBXBuildFile; fileRef = 8BE5CE1B1D767FA300423529 /* 5.png */; };
		8BE5CE2B1D767FA300423529 /* 6.png in Resources */ = {isa = PBXBuildFile; fileRef = 8BE5CE1C1D767FA300423529 /* 6.png */; };
		8BE5CE2C1D767FA300423529 /* 7.png in Resources */ = {isa = PBXBuildFile; fileRef = 8BE5CE1D1D767FA300423529 /* 7.png */; };
		8BE5CE2D1D767FA300423529 /* 8.png in Resources */ = {isa = PBXBuildFile; fileRef = 8BE5CE1E1D767FA300423529 /* 8.png */; };
		8BE5CE2E1D767FA300423529 /* 9.png in Resources */ = {isa = PBXBuildFile; fileRef = 8BE5CE1F1D767FA300423529 /* 9.png */; };
		8BE5CE331D769A6500423529 /* img1.jpg in Resources */ = {isa = PBXBuildFile; fileRef = 8BE5CE321D769A6500423529 /* img1.jpg */; };
		8BE5CE411D76AF7900423529 /* imgname.jpg in Resources */ = {isa = PBXBuildFile; fileRef = 8BE5CE401D76AF7900423529 /* imgname.jpg */; };
		8BE5CE431D76B32A00423529 /* dog.jpg in Resources */ = {isa = PBXBuildFile; fileRef = 8BE5CE421D76B32A00423529 /* dog.jpg */; };
/* End PBXBuildFile section */

/* Begin PBXFileReference section */
		8B1D38E71D73D472001B5DFA /* AFilterDemo.app */ = {isa = PBXFileReference; explicitFileType = wrapper.application; includeInIndex = 0; path = AFilterDemo.app; sourceTree = BUILT_PRODUCTS_DIR; };
		8B1D38EB1D73D472001B5DFA /* main.m */ = {isa = PBXFileReference; lastKnownFileType = sourcecode.c.objc; path = main.m; sourceTree = "<group>"; };
		8B1D38ED1D73D472001B5DFA /* XKAppDelegate.h */ = {isa = PBXFileReference; lastKnownFileType = sourcecode.c.h; path = XKAppDelegate.h; sourceTree = "<group>"; };
		8B1D38EE1D73D472001B5DFA /* XKAppDelegate.m */ = {isa = PBXFileReference; lastKnownFileType = sourcecode.c.objc; path = XKAppDelegate.m; sourceTree = "<group>"; };
		8B1D38F01D73D472001B5DFA /* XKAFilterViewController.h */ = {isa = PBXFileReference; lastKnownFileType = sourcecode.c.h; path = XKAFilterViewController.h; sourceTree = "<group>"; };
		8B1D38F11D73D472001B5DFA /* XKAFilterViewController.m */ = {isa = PBXFileReference; lastKnownFileType = sourcecode.c.objc; path = XKAFilterViewController.m; sourceTree = "<group>"; };
		8B1D38F41D73D473001B5DFA /* Base */ = {isa = PBXFileReference; lastKnownFileType = file.storyboard; name = Base; path = Base.lproj/Main.storyboard; sourceTree = "<group>"; };
		8B1D38F91D73D473001B5DFA /* Base */ = {isa = PBXFileReference; lastKnownFileType = file.storyboard; name = Base; path = Base.lproj/LaunchScreen.storyboard; sourceTree = "<group>"; };
		8B1D38FB1D73D473001B5DFA /* Info.plist */ = {isa = PBXFileReference; lastKnownFileType = text.plist.xml; path = Info.plist; sourceTree = "<group>"; };
		8B1D39071D73E56D001B5DFA /* XKAFilterManger.h */ = {isa = PBXFileReference; fileEncoding = 4; lastKnownFileType = sourcecode.c.h; path = XKAFilterManger.h; sourceTree = "<group>"; };
		8B1D39081D73E56D001B5DFA /* XKAFilterManger.m */ = {isa = PBXFileReference; fileEncoding = 4; lastKnownFileType = sourcecode.c.objc; path = XKAFilterManger.m; sourceTree = "<group>"; };
		8BE5CDC11D766C2600423529 /* ColorMatrix.h */ = {isa = PBXFileReference; fileEncoding = 4; lastKnownFileType = sourcecode.c.h; path = ColorMatrix.h; sourceTree = "<group>"; };
		8BE5CE111D767FA300423529 /* 0.png */ = {isa = PBXFileReference; lastKnownFileType = image.png; path = 0.png; sourceTree = "<group>"; };
		8BE5CE121D767FA300423529 /* 1.png */ = {isa = PBXFileReference; lastKnownFileType = image.png; path = 1.png; sourceTree = "<group>"; };
		8BE5CE131D767FA300423529 /* 10.png */ = {isa = PBXFileReference; lastKnownFileType = image.png; path = 10.png; sourceTree = "<group>"; };
		8BE5CE141D767FA300423529 /* 11.png */ = {isa = PBXFileReference; lastKnownFileType = image.png; path = 11.png; sourceTree = "<group>"; };
		8BE5CE151D767FA300423529 /* 110.png */ = {isa = PBXFileReference; lastKnownFileType = image.png; path = 110.png; sourceTree = "<group>"; };
		8BE5CE161D767FA300423529 /* 12.png */ = {isa = PBXFileReference; lastKnownFileType = image.png; path = 12.png; sourceTree = "<group>"; };
		8BE5CE171D767FA300423529 /* 13.png */ = {isa = PBXFileReference; lastKnownFileType = image.png; path = 13.png; sourceTree = "<group>"; };
		8BE5CE181D767FA300423529 /* 2.png */ = {isa = PBXFileReference; lastKnownFileType = image.png; path = 2.png; sourceTree = "<group>"; };
		8BE5CE191D767FA300423529 /* 3.png */ = {isa = PBXFileReference; lastKnownFileType = image.png; path = 3.png; sourceTree = "<group>"; };
		8BE5CE1A1D767FA300423529 /* 4.png */ = {isa = PBXFileReference; lastKnownFileType = image.png; path = 4.png; sourceTree = "<group>"; };
		8BE5CE1B1D767FA300423529 /* 5.png */ = {isa = PBXFileReference; lastKnownFileType = image.png; path = 5.png; sourceTree = "<group>"; };
		8BE5CE1C1D767FA300423529 /* 6.png */ = {isa = PBXFileReference; lastKnownFileType = image.png; path = 6.png; sourceTree = "<group>"; };
		8BE5CE1D1D767FA300423529 /* 7.png */ = {isa = PBXFileReference; lastKnownFileType = image.png; path = 7.png; sourceTree = "<group>"; };
		8BE5CE1E1D767FA300423529 /* 8.png */ = {isa = PBXFileReference; lastKnownFileType = image.png; path = 8.png; sourceTree = "<group>"; };
		8BE5CE1F1D767FA300423529 /* 9.png */ = {isa = PBXFileReference; lastKnownFileType = image.png; path = 9.png; sourceTree = "<group>"; };
		8BE5CE321D769A6500423529 /* img1.jpg */ = {isa = PBXFileReference; lastKnownFileType = image.jpeg; name = img1.jpg; path = ../../img1.jpg; sourceTree = "<group>"; };
		8BE5CE401D76AF7900423529 /* imgname.jpg */ = {isa = PBXFileReference; lastKnownFileType = image.jpeg; name = imgname.jpg; path = ../../imgname.jpg; sourceTree = "<group>"; };
		8BE5CE421D76B32A00423529 /* dog.jpg */ = {isa = PBXFileReference; lastKnownFileType = image.jpeg; path = dog.jpg; sourceTree = "<group>"; };
/* End PBXFileReference section */

/* Begin PBXFrameworksBuildPhase section */
		8B1D38E41D73D472001B5DFA /* Frameworks */ = {
			isa = PBXFrameworksBuildPhase;
			buildActionMask = 2147483647;
			files = (
			);
			runOnlyForDeploymentPostprocessing = 0;
		};
/* End PBXFrameworksBuildPhase section */

/* Begin PBXGroup section */
		8B1D38DE1D73D472001B5DFA = {
			isa = PBXGroup;
			children = (
				8B1D38E91D73D472001B5DFA /* AFilterDemo */,
				8B1D38E81D73D472001B5DFA /* Products */,
			);
			sourceTree = "<group>";
		};
		8B1D38E81D73D472001B5DFA /* Products */ = {
			isa = PBXGroup;
			children = (
				8B1D38E71D73D472001B5DFA /* AFilterDemo.app */,
			);
			name = Products;
			sourceTree = "<group>";
		};
		8B1D38E91D73D472001B5DFA /* AFilterDemo */ = {
			isa = PBXGroup;
			children = (
				8BE5CE321D769A6500423529 /* img1.jpg */,
				8BE5CE401D76AF7900423529 /* imgname.jpg */,
				8B1D38ED1D73D472001B5DFA /* XKAppDelegate.h */,
				8B1D38EE1D73D472001B5DFA /* XKAppDelegate.m */,
				8B1D38F01D73D472001B5DFA /* XKAFilterViewController.h */,
				8B1D38F11D73D472001B5DFA /* XKAFilterViewController.m */,
				8B1D39071D73E56D001B5DFA /* XKAFilterManger.h */,
				8B1D39081D73E56D001B5DFA /* XKAFilterManger.m */,
				8BE5CE421D76B32A00423529 /* dog.jpg */,
				8BE5CE101D767FA300423529 /* photos */,
				8BE5CDC11D766C2600423529 /* ColorMatrix.h */,
				8B1D38F31D73D473001B5DFA /* Main.storyboard */,
				8B1D38F81D73D473001B5DFA /* LaunchScreen.storyboard */,
				8B1D38FB1D73D473001B5DFA /* Info.plist */,
				8B1D38EA1D73D472001B5DFA /* Supporting Files */,
			);
			path = AFilterDemo;
			sourceTree = "<group>";
		};
		8B1D38EA1D73D472001B5DFA /* Supporting Files */ = {
			isa = PBXGroup;
			children = (
				8B1D38EB1D73D472001B5DFA /* main.m */,
			);
			name = "Supporting Files";
			sourceTree = "<group>";
		};
		8BE5CE101D767FA300423529 /* photos */ = {
			isa = PBXGroup;
			children = (
				8BE5CE111D767FA300423529 /* 0.png */,
				8BE5CE121D767FA300423529 /* 1.png */,
				8BE5CE131D767FA300423529 /* 10.png */,
				8BE5CE141D767FA300423529 /* 11.png */,
				8BE5CE151D767FA300423529 /* 110.png */,
				8BE5CE161D767FA300423529 /* 12.png */,
				8BE5CE171D767FA300423529 /* 13.png */,
				8BE5CE181D767FA300423529 /* 2.png */,
				8BE5CE191D767FA300423529 /* 3.png */,
				8BE5CE1A1D767FA300423529 /* 4.png */,
				8BE5CE1B1D767FA300423529 /* 5.png */,
				8BE5CE1C1D767FA300423529 /* 6.png */,
				8BE5CE1D1D767FA300423529 /* 7.png */,
				8BE5CE1E1D767FA300423529 /* 8.png */,
				8BE5CE1F1D767FA300423529 /* 9.png */,
			);
			path = photos;
			sourceTree = "<group>";
		};
/* End PBXGroup section */

/* Begin PBXNativeTarget section */
		8B1D38E61D73D472001B5DFA /* AFilterDemo */ = {
			isa = PBXNativeTarget;
			buildConfigurationList = 8B1D38FE1D73D473001B5DFA /* Build configuration list for PBXNativeTarget "AFilterDemo" */;
			buildPhases = (
				8B1D38E31D73D472001B5DFA /* Sources */,
				8B1D38E41D73D472001B5DFA /* Frameworks */,
				8B1D38E51D73D472001B5DFA /* Resources */,
			);
			buildRules = (
			);
			dependencies = (
			);
			name = AFilterDemo;
			productName = AFilterDemo;
			productReference = 8B1D38E71D73D472001B5DFA /* AFilterDemo.app */;
			productType = "com.apple.product-type.application";
		};
/* End PBXNativeTarget section */

/* Begin PBXProject section */
		8B1D38DF1D73D472001B5DFA /* Project object */ = {
			isa = PBXProject;
			attributes = {
				LastUpgradeCheck = 0720;
				ORGANIZATIONNAME = Sun;
				TargetAttributes = {
					8B1D38E61D73D472001B5DFA = {
						CreatedOnToolsVersion = 7.2;
					};
				};
			};
			buildConfigurationList = 8B1D38E21D73D472001B5DFA /* Build configuration list for PBXProject "AFilterDemo" */;
			compatibilityVersion = "Xcode 3.2";
			developmentRegion = English;
			hasScannedForEncodings = 0;
			knownRegions = (
				en,
				Base,
			);
			mainGroup = 8B1D38DE1D73D472001B5DFA;
			productRefGroup = 8B1D38E81D73D472001B5DFA /* Products */;
			projectDirPath = "";
			projectRoot = "";
			targets = (
				8B1D38E61D73D472001B5DFA /* AFilterDemo */,
			);
		};
/* End PBXProject section */

/* Begin PBXResourcesBuildPhase section */
		8B1D38E51D73D472001B5DFA /* Resources */ = {
			isa = PBXResourcesBuildPhase;
			buildActionMask = 2147483647;
			files = (
				8BE5CE251D767FA300423529 /* 12.png in Resources */,
				8BE5CE331D769A6500423529 /* img1.jpg in Resources */,
				8B1D38FA1D73D473001B5DFA /* LaunchScreen.storyboard in Resources */,
				8BE5CE221D767FA300423529 /* 10.png in Resources */,
				8BE5CE201D767FA300423529 /* 0.png in Resources */,
				8BE5CE231D767FA300423529 /* 11.png in Resources */,
				8BE5CE261D767FA300423529 /* 13.png in Resources */,
				8BE5CE2D1D767FA300423529 /* 8.png in Resources */,
				8BE5CE2A1D767FA300423529 /* 5.png in Resources */,
				8BE5CE2C1D767FA300423529 /* 7.png in Resources */,
				8BE5CE271D767FA300423529 /* 2.png in Resources */,
				8BE5CE291D767FA300423529 /* 4.png in Resources */,
				8BE5CE411D76AF7900423529 /* imgname.jpg in Resources */,
				8BE5CE281D767FA300423529 /* 3.png in Resources */,
				8BE5CE211D767FA300423529 /* 1.png in Resources */,
				8BE5CE241D767FA300423529 /* 110.png in Resources */,
				8BE5CE431D76B32A00423529 /* dog.jpg in Resources */,
				8BE5CE2E1D767FA300423529 /* 9.png in Resources */,
				8B1D38F51D73D473001B5DFA /* Main.storyboard in Resources */,
				8BE5CE2B1D767FA300423529 /* 6.png in Resources */,
			);
			runOnlyForDeploymentPostprocessing = 0;
		};
/* End PBXResourcesBuildPhase section */

/* Begin PBXSourcesBuildPhase section */
		8B1D38E31D73D472001B5DFA /* Sources */ = {
			isa = PBXSourcesBuildPhase;
			buildActionMask = 2147483647;
			files = (
				8B1D39091D73E56D001B5DFA /* XKAFilterManger.m in Sources */,
				8B1D38F21D73D472001B5DFA /* XKAFilterViewController.m in Sources */,
				8B1D38EF1D73D472001B5DFA /* XKAppDelegate.m in Sources */,
				8B1D38EC1D73D472001B5DFA /* main.m in Sources */,
			);
			runOnlyForDeploymentPostprocessing = 0;
		};
/* End PBXSourcesBuildPhase section */

/* Begin PBXVariantGroup section */
		8B1D38F31D73D473001B5DFA /* Main.storyboard */ = {
			isa = PBXVariantGroup;
			children = (
				8B1D38F41D73D473001B5DFA /* Base */,
			);
			name = Main.storyboard;
			sourceTree = "<group>";
		};
		8B1D38F81D73D473001B5DFA /* LaunchScreen.storyboard */ = {
			isa = PBXVariantGroup;
			children = (
				8B1D38F91D73D473001B5DFA /* Base */,
			);
			name = LaunchScreen.storyboard;
			sourceTree = "<group>";
		};
/* End PBXVariantGroup section */

/* Begin XCBuildConfiguration section */
		8B1D38FC1D73D473001B5DFA /* Debug */ = {
			isa = XCBuildConfiguration;
			buildSettings = {
				ALWAYS_SEARCH_USER_PATHS = NO;
				CLANG_CXX_LANGUAGE_STANDARD = "gnu++0x";
				CLANG_CXX_LIBRARY = "libc++";
				CLANG_ENABLE_MODULES = YES;
				CLANG_ENABLE_OBJC_ARC = YES;
				CLANG_WARN_BOOL_CONVERSION = YES;
				CLANG_WARN_CONSTANT_CONVERSION = YES;
				CLANG_WARN_DIRECT_OBJC_ISA_USAGE = YES_ERROR;
				CLANG_WARN_EMPTY_BODY = YES;
				CLANG_WARN_ENUM_CONVERSION = YES;
				CLANG_WARN_INT_CONVERSION = YES;
				CLANG_WARN_OBJC_ROOT_CLASS = YES_ERROR;
				CLANG_WARN_UNREACHABLE_CODE = YES;
				CLANG_WARN__DUPLICATE_METHOD_MATCH = YES;
				"CODE_SIGN_IDENTITY[sdk=iphoneos*]" = "iPhone Developer";
				COPY_PHASE_STRIP = NO;
				DEBUG_INFORMATION_FORMAT = dwarf;
				ENABLE_STRICT_OBJC_MSGSEND = YES;
				ENABLE_TESTABILITY = YES;
				GCC_C_LANGUAGE_STANDARD = gnu99;
				GCC_DYNAMIC_NO_PIC = NO;
				GCC_NO_COMMON_BLOCKS = YES;
				GCC_OPTIMIZATION_LEVEL = 0;
				GCC_PREPROCESSOR_DEFINITIONS = (
					"DEBUG=1",
					"$(inherited)",
				);
				GCC_WARN_64_TO_32_BIT_CONVERSION = YES;
				GCC_WARN_ABOUT_RETURN_TYPE = YES_ERROR;
				GCC_WARN_UNDECLARED_SELECTOR = YES;
				GCC_WARN_UNINITIALIZED_AUTOS = YES_AGGRESSIVE;
				GCC_WARN_UNUSED_FUNCTION = YES;
				GCC_WARN_UNUSED_VARIABLE = YES;
				IPHONEOS_DEPLOYMENT_TARGET = 9.2;
				MTL_ENABLE_DEBUG_INFO = YES;
				ONLY_ACTIVE_ARCH = YES;
				SDKROOT = iphoneos;
			};
			name = Debug;
		};
		8B1D38FD1D73D473001B5DFA /* Release */ = {
			isa = XCBuildConfiguration;
			buildSettings = {
				ALWAYS_SEARCH_USER_PATHS = NO;
				CLANG_CXX_LANGUAGE_STANDARD = "gnu++0x";
				CLANG_CXX_LIBRARY = "libc++";
				CLANG_ENABLE_MODULES = YES;
				CLANG_ENABLE_OBJC_ARC = YES;
				CLANG_WARN_BOOL_CONVERSION = YES;
				CLANG_WARN_CONSTANT_CONVERSION = YES;
				CLANG_WARN_DIRECT_OBJC_ISA_USAGE = YES_ERROR;
				CLANG_WARN_EMPTY_BODY = YES;
				CLANG_WARN_ENUM_CONVERSION = YES;
				CLANG_WARN_INT_CONVERSION = YES;
				CLANG_WARN_OBJC_ROOT_CLASS = YES_ERROR;
				CLANG_WARN_UNREACHABLE_CODE = YES;
				CLANG_WARN__DUPLICATE_METHOD_MATCH = YES;
				"CODE_SIGN_IDENTITY[sdk=iphoneos*]" = "iPhone Developer";
				COPY_PHASE_STRIP = NO;
				DEBUG_INFORMATION_FORMAT = "dwarf-with-dsym";
				ENABLE_NS_ASSERTIONS = NO;
				ENABLE_STRICT_OBJC_MSGSEND = YES;
				GCC_C_LANGUAGE_STANDARD = gnu99;
				GCC_NO_COMMON_BLOCKS = YES;
				GCC_WARN_64_TO_32_BIT_CONVERSION = YES;
				GCC_WARN_ABOUT_RETURN_TYPE = YES_ERROR;
				GCC_WARN_UNDECLARED_SELECTOR = YES;
				GCC_WARN_UNINITIALIZED_AUTOS = YES_AGGRESSIVE;
				GCC_WARN_UNUSED_FUNCTION = YES;
				GCC_WARN_UNUSED_VARIABLE = YES;
				IPHONEOS_DEPLOYMENT_TARGET = 9.2;
				MTL_ENABLE_DEBUG_INFO = NO;
				SDKROOT = iphoneos;
				VALIDATE_PRODUCT = YES;
			};
			name = Release;
		};
		8B1D38FF1D73D473001B5DFA /* Debug */ = {
			isa = XCBuildConfiguration;
			buildSettings = {
				ASSETCATALOG_COMPILER_APPICON_NAME = AppIcon;
				INFOPLIST_FILE = AFilterDemo/Info.plist;
				IPHONEOS_DEPLOYMENT_TARGET = 9.1;
				LD_RUNPATH_SEARCH_PATHS = "$(inherited) @executable_path/Frameworks";
				PRODUCT_BUNDLE_IDENTIFIER = com.len.so.AFilterDemo;
				PRODUCT_NAME = "$(TARGET_NAME)";
			};
			name = Debug;
		};
		8B1D39001D73D473001B5DFA /* Release */ = {
			isa = XCBuildConfiguration;
			buildSettings = {
				ASSETCATALOG_COMPILER_APPICON_NAME = AppIcon;
				INFOPLIST_FILE = AFilterDemo/Info.plist;
				IPHONEOS_DEPLOYMENT_TARGET = 9.1;
				LD_RUNPATH_SEARCH_PATHS = "$(inherited) @executable_path/Frameworks";
				PRODUCT_BUNDLE_IDENTIFIER = com.len.so.AFilterDemo;
				PRODUCT_NAME = "$(TARGET_NAME)";
			};
			name = Release;
		};
/* End XCBuildConfiguration section */

/* Begin XCConfigurationList section */
		8B1D38E21D73D472001B5DFA /* Build configuration list for PBXProject "AFilterDemo" */ = {
			isa = XCConfigurationList;
			buildConfigurations = (
				8B1D38FC1D73D473001B5DFA /* Debug */,
				8B1D38FD1D73D473001B5DFA /* Release */,
			);
			defaultConfigurationIsVisible = 0;
			defaultConfigurationName = Release;
		};
		8B1D38FE1D73D473001B5DFA /* Build configuration list for PBXNativeTarget "AFilterDemo" */ = {
			isa = XCConfigurationList;
			buildConfigurations = (
				8B1D38FF1D73D473001B5DFA /* Debug */,
				8B1D39001D73D473001B5DFA /* Release */,
			);
			defaultConfigurationIsVisible = 0;
			defaultConfigurationName = Release;
		};
/* End XCConfigurationList section */
	};
	rootObject = 8B1D38DF1D73D472001B5DFA /* Project object */;
}
